
Microsoft Visual Studio Solution File, Format Version 12.00
# Visual Studio 2013
VisualStudioVersion = 12.0.30723.0
MinimumVisualStudioVersion = 10.0.40219.1
Project("{2150E333-8FDC-42A3-9474-1A3956D46DE8}") = ".solution items", ".solution items", "{F8955DA4-DBB6-4AA2-9B75-7B014F55EDB5}"
	ProjectSection(SolutionItems) = preProject
		GSoft.Dynamite.Portal.snk = GSoft.Dynamite.Portal.snk
		nuget.config = nuget.config
	EndProjectSection
EndProject
Project("{2150E333-8FDC-42A3-9474-1A3956D46DE8}") = ".nuget", ".nuget", "{ADC8FCFE-4BA8-4209-B623-F44BB30D1F45}"
	ProjectSection(SolutionItems) = preProject
		.nuget\packages.config = .nuget\packages.config
	EndProjectSection
EndProject
Project("{FAE04EC0-301F-11D3-BF4B-00C04F79EFBC}") = "GSoft.Dynamite.Publishing.Contracts", "GSoft.Dynamite.Publishing.Contracts\GSoft.Dynamite.Publishing.Contracts.csproj", "{80D89ED1-4BB2-4020-B51B-97D3D376C36F}"
EndProject
Project("{FAE04EC0-301F-11D3-BF4B-00C04F79EFBC}") = "GSoft.Dynamite.Publishing.Core", "GSoft.Dynamite.Publishing.Core\GSoft.Dynamite.Publishing.Core.csproj", "{1484F2A1-E3D0-4372-9692-6759D64846EA}"
EndProject
Project("{FAE04EC0-301F-11D3-BF4B-00C04F79EFBC}") = "GSoft.Dynamite.Publishing.SP", "GSoft.Dynamite.Publishing.SP\GSoft.Dynamite.Publishing.SP.csproj", "{B221EF54-8FA2-4563-B5BD-D3EE1255E199}"
	ProjectSection(ProjectDependencies) = postProject
		{1484F2A1-E3D0-4372-9692-6759D64846EA} = {1484F2A1-E3D0-4372-9692-6759D64846EA}
	EndProjectSection
EndProject
Project("{FAE04EC0-301F-11D3-BF4B-00C04F79EFBC}") = "GSoft.Dynamite.Multilingualism.Contracts", "GSoft.Dynamite.Multilingualism.Contracts\GSoft.Dynamite.Multilingualism.Contracts.csproj", "{13C3CFC3-4328-4047-9B62-15B19E2E5922}"
EndProject
Project("{FAE04EC0-301F-11D3-BF4B-00C04F79EFBC}") = "GSoft.Dynamite.Multilingualism.Core", "GSoft.Dynamite.Multilingualism.Core\GSoft.Dynamite.Multilingualism.Core.csproj", "{38DB42C0-8DF2-41A4-9718-C852D627AC0B}"
EndProject
Project("{FAE04EC0-301F-11D3-BF4B-00C04F79EFBC}") = "GSoft.Dynamite.Multilingualism.SP", "GSoft.Dynamite.Multilingualism.SP\GSoft.Dynamite.Multilingualism.SP.csproj", "{927AD4A4-6261-4B14-B206-290B2B574708}"
	ProjectSection(ProjectDependencies) = postProject
		{38DB42C0-8DF2-41A4-9718-C852D627AC0B} = {38DB42C0-8DF2-41A4-9718-C852D627AC0B}
	EndProjectSection
EndProject
Project("{FAE04EC0-301F-11D3-BF4B-00C04F79EFBC}") = "GSoft.Dynamite.Design.Contracts", "GSoft.Dynamite.Design.Contracts\GSoft.Dynamite.Design.Contracts.csproj", "{EDD96A5B-7060-4E90-882D-457190BF0804}"
EndProject
Project("{FAE04EC0-301F-11D3-BF4B-00C04F79EFBC}") = "GSoft.Dynamite.Design.Core", "GSoft.Dynamite.Design.Core\GSoft.Dynamite.Design.Core.csproj", "{02C704E7-34A3-41CC-A7E0-28B0AEE26386}"
EndProject
Project("{FAE04EC0-301F-11D3-BF4B-00C04F79EFBC}") = "GSoft.Dynamite.Design.SP", "GSoft.Dynamite.Design.SP\GSoft.Dynamite.Design.SP.csproj", "{C941F640-14A2-4506-99D8-72725BAAB24B}"
	ProjectSection(ProjectDependencies) = postProject
		{02C704E7-34A3-41CC-A7E0-28B0AEE26386} = {02C704E7-34A3-41CC-A7E0-28B0AEE26386}
	EndProjectSection
EndProject
Project("{FAE04EC0-301F-11D3-BF4B-00C04F79EFBC}") = "GSoft.Dynamite.Navigation.Contracts", "GSoft.Dynamite.Navigation.Contracts\GSoft.Dynamite.Navigation.Contracts.csproj", "{F26EF1FA-1A19-416B-A3A6-CFE250967773}"
EndProject
Project("{FAE04EC0-301F-11D3-BF4B-00C04F79EFBC}") = "GSoft.Dynamite.Navigation.Core", "GSoft.Dynamite.Navigation.Core\GSoft.Dynamite.Navigation.Core.csproj", "{EB11545D-8573-41AE-A272-F7B0C97906D3}"
EndProject
Project("{FAE04EC0-301F-11D3-BF4B-00C04F79EFBC}") = "GSoft.Dynamite.Navigation.SP", "GSoft.Dynamite.Navigation.SP\GSoft.Dynamite.Navigation.SP.csproj", "{5240C93B-1CA2-43F0-9BE5-680A33C093EB}"
	ProjectSection(ProjectDependencies) = postProject
		{EB11545D-8573-41AE-A272-F7B0C97906D3} = {EB11545D-8573-41AE-A272-F7B0C97906D3}
	EndProjectSection
EndProject
Project("{FAE04EC0-301F-11D3-BF4B-00C04F79EFBC}") = "GSoft.Dynamite.Docs.Contracts", "GSoft.Dynamite.Docs.Contracts\GSoft.Dynamite.Docs.Contracts.csproj", "{B35ACE7C-9459-4726-B1FF-9FB627815D13}"
EndProject
Project("{FAE04EC0-301F-11D3-BF4B-00C04F79EFBC}") = "GSoft.Dynamite.Docs.Core", "GSoft.Dynamite.Docs.Core\GSoft.Dynamite.Docs.Core.csproj", "{E40D30BE-4ED8-4982-8ADE-76C9AD27FF1B}"
EndProject
Project("{FAE04EC0-301F-11D3-BF4B-00C04F79EFBC}") = "GSoft.Dynamite.Docs.SP", "GSoft.Dynamite.Docs.SP\GSoft.Dynamite.Docs.SP.csproj", "{779A24A3-2F1C-402A-A52E-916035E88584}"
	ProjectSection(ProjectDependencies) = postProject
		{E40D30BE-4ED8-4982-8ADE-76C9AD27FF1B} = {E40D30BE-4ED8-4982-8ADE-76C9AD27FF1B}
	EndProjectSection
EndProject
Project("{FAE04EC0-301F-11D3-BF4B-00C04F79EFBC}") = "GSoft.Dynamite.LifeCycle.Core", "GSoft.Dynamite.LifeCycle.Core\GSoft.Dynamite.LifeCycle.Core.csproj", "{CA6C8243-9C26-4152-BA76-DBAC167BF0B9}"
EndProject
Project("{FAE04EC0-301F-11D3-BF4B-00C04F79EFBC}") = "GSoft.Dynamite.LifeCycle.Contracts", "GSoft.Dynamite.LifeCycle.Contracts\GSoft.Dynamite.LifeCycle.Contracts.csproj", "{F1AA0FE4-BD58-44F4-9D24-4A28E0A62F3A}"
EndProject
Project("{FAE04EC0-301F-11D3-BF4B-00C04F79EFBC}") = "GSoft.Dynamite.LifeCycle.SP", "GSoft.Dynamite.LifeCycle.SP\GSoft.Dynamite.LifeCycle.SP.csproj", "{518B7EBA-C939-4601-96D7-D80480FA07F6}"
EndProject
Project("{FAE04EC0-301F-11D3-BF4B-00C04F79EFBC}") = "GSoft.Dynamite.Models.StandardPublishingCMS", "GSoft.Dynamite.Models.StandardPublishingCMS\GSoft.Dynamite.Models.StandardPublishingCMS.csproj", "{7977B120-E4F9-48C9-BFF3-D86C311FDF73}"
EndProject
Project("{2150E333-8FDC-42A3-9474-1A3956D46DE8}") = "Class Libraries", "Class Libraries", "{618C860A-EADE-43FA-8A43-68A2D1700099}"
EndProject
Project("{2150E333-8FDC-42A3-9474-1A3956D46DE8}") = "SharePoint Packages", "SharePoint Packages", "{A9218AE1-A76A-4857-99E7-CE697F0AD53D}"
EndProject
Project("{2150E333-8FDC-42A3-9474-1A3956D46DE8}") = "PowerShell Scripts", "PowerShell Scripts", "{F58C7C93-6A87-4D0D-838D-463D01B4A98A}"
EndProject
Project("{2150E333-8FDC-42A3-9474-1A3956D46DE8}") = "Tests and Specs", "Tests and Specs", "{F0E95EFF-5E01-47A2-AD92-56C8782BB373}"
EndProject
Project("{2150E333-8FDC-42A3-9474-1A3956D46DE8}") = "Usage Examples", "Usage Examples", "{21A4D8E0-9BEE-4CA8-A2C5-94A3B7A9C758}"
EndProject
Project("{FAE04EC0-301F-11D3-BF4B-00C04F79EFBC}") = "GSoft.Dynamite.Models.CrossSitePublishingCMS", "GSoft.Dynamite.Models.CrossSitePublishingCMS\GSoft.Dynamite.Models.CrossSitePublishingCMS.csproj", "{97A8751B-F336-4E83-AEE8-3E54150DEDAF}"
EndProject
Project("{FAE04EC0-301F-11D3-BF4B-00C04F79EFBC}") = "GSoft.Dynamite.Models.CrossSitePublishingCMS.Tests", "GSoft.Dynamite.Models.CrossSitePublishingCMS.Tests\GSoft.Dynamite.Models.CrossSitePublishingCMS.Tests.csproj", "{965315C3-65EC-46B7-BF39-76B7FE8F5EEF}"
EndProject
Project("{2150E333-8FDC-42A3-9474-1A3956D46DE8}") = "GSoft.Dynamite.VanillaCrossSiteCMS", "GSoft.Dynamite.VanillaCrossSiteCMS", "{5361600E-2F8E-4E80-AC4B-3E7F0A40C4E9}"
EndProject
Project("{FAE04EC0-301F-11D3-BF4B-00C04F79EFBC}") = "GSoft.Dynamite.VanillaCrossSiteCMS.Scripts", "GSoft.Dynamite.VanillaCrossSiteCMS.Scripts\GSoft.Dynamite.VanillaCrossSiteCMS.Scripts.csproj", "{A320F957-759C-4FA7-8C60-F3A81F1306AB}"
EndProject
Project("{FAE04EC0-301F-11D3-BF4B-00C04F79EFBC}") = "GSoft.Dynamite.Common.Contracts", "GSoft.Dynamite.Common.Contracts\GSoft.Dynamite.Common.Contracts.csproj", "{31680A5F-E76D-4501-9DFC-D67CE09863F1}"
EndProject
Project("{FAE04EC0-301F-11D3-BF4B-00C04F79EFBC}") = "GSoft.Dynamite.VanillaCrossSiteCMS.Scripts.Tests", "GSoft.Dynamite.VanillaCrossSiteCMS.Scripts.Tests\GSoft.Dynamite.VanillaCrossSiteCMS.Scripts.Tests.csproj", "{06A38950-5AB8-40D4-90AF-CBFE40CEFA0D}"
EndProject
Project("{FAE04EC0-301F-11D3-BF4B-00C04F79EFBC}") = "GSoft.Dynamite.Search.SP", "GSoft.Dynamite.Search.SP\GSoft.Dynamite.Search.SP.csproj", "{3B697C55-8457-4548-A372-A05E3A4236EC}"
EndProject
Global
	GlobalSection(SolutionConfigurationPlatforms) = preSolution
		Debug|Any CPU = Debug|Any CPU
		Release|Any CPU = Release|Any CPU
	EndGlobalSection
	GlobalSection(ProjectConfigurationPlatforms) = postSolution
		{80D89ED1-4BB2-4020-B51B-97D3D376C36F}.Debug|Any CPU.ActiveCfg = Debug|Any CPU
		{80D89ED1-4BB2-4020-B51B-97D3D376C36F}.Debug|Any CPU.Build.0 = Debug|Any CPU
		{80D89ED1-4BB2-4020-B51B-97D3D376C36F}.Release|Any CPU.ActiveCfg = Release|Any CPU
		{80D89ED1-4BB2-4020-B51B-97D3D376C36F}.Release|Any CPU.Build.0 = Release|Any CPU
		{1484F2A1-E3D0-4372-9692-6759D64846EA}.Debug|Any CPU.ActiveCfg = Debug|Any CPU
		{1484F2A1-E3D0-4372-9692-6759D64846EA}.Debug|Any CPU.Build.0 = Debug|Any CPU
		{1484F2A1-E3D0-4372-9692-6759D64846EA}.Release|Any CPU.ActiveCfg = Release|Any CPU
		{1484F2A1-E3D0-4372-9692-6759D64846EA}.Release|Any CPU.Build.0 = Release|Any CPU
		{B221EF54-8FA2-4563-B5BD-D3EE1255E199}.Debug|Any CPU.ActiveCfg = Debug|Any CPU
		{B221EF54-8FA2-4563-B5BD-D3EE1255E199}.Debug|Any CPU.Build.0 = Debug|Any CPU
		{B221EF54-8FA2-4563-B5BD-D3EE1255E199}.Debug|Any CPU.Deploy.0 = Debug|Any CPU
		{B221EF54-8FA2-4563-B5BD-D3EE1255E199}.Release|Any CPU.ActiveCfg = Release|Any CPU
		{B221EF54-8FA2-4563-B5BD-D3EE1255E199}.Release|Any CPU.Build.0 = Release|Any CPU
		{B221EF54-8FA2-4563-B5BD-D3EE1255E199}.Release|Any CPU.Deploy.0 = Release|Any CPU
		{13C3CFC3-4328-4047-9B62-15B19E2E5922}.Debug|Any CPU.ActiveCfg = Debug|Any CPU
		{13C3CFC3-4328-4047-9B62-15B19E2E5922}.Debug|Any CPU.Build.0 = Debug|Any CPU
		{13C3CFC3-4328-4047-9B62-15B19E2E5922}.Release|Any CPU.ActiveCfg = Release|Any CPU
		{13C3CFC3-4328-4047-9B62-15B19E2E5922}.Release|Any CPU.Build.0 = Release|Any CPU
		{38DB42C0-8DF2-41A4-9718-C852D627AC0B}.Debug|Any CPU.ActiveCfg = Debug|Any CPU
		{38DB42C0-8DF2-41A4-9718-C852D627AC0B}.Debug|Any CPU.Build.0 = Debug|Any CPU
		{38DB42C0-8DF2-41A4-9718-C852D627AC0B}.Release|Any CPU.ActiveCfg = Release|Any CPU
		{38DB42C0-8DF2-41A4-9718-C852D627AC0B}.Release|Any CPU.Build.0 = Release|Any CPU
		{927AD4A4-6261-4B14-B206-290B2B574708}.Debug|Any CPU.ActiveCfg = Debug|Any CPU
		{927AD4A4-6261-4B14-B206-290B2B574708}.Debug|Any CPU.Build.0 = Debug|Any CPU
		{927AD4A4-6261-4B14-B206-290B2B574708}.Debug|Any CPU.Deploy.0 = Debug|Any CPU
		{927AD4A4-6261-4B14-B206-290B2B574708}.Release|Any CPU.ActiveCfg = Release|Any CPU
		{927AD4A4-6261-4B14-B206-290B2B574708}.Release|Any CPU.Build.0 = Release|Any CPU
		{927AD4A4-6261-4B14-B206-290B2B574708}.Release|Any CPU.Deploy.0 = Release|Any CPU
		{EDD96A5B-7060-4E90-882D-457190BF0804}.Debug|Any CPU.ActiveCfg = Debug|Any CPU
		{EDD96A5B-7060-4E90-882D-457190BF0804}.Debug|Any CPU.Build.0 = Debug|Any CPU
		{EDD96A5B-7060-4E90-882D-457190BF0804}.Release|Any CPU.ActiveCfg = Release|Any CPU
		{EDD96A5B-7060-4E90-882D-457190BF0804}.Release|Any CPU.Build.0 = Release|Any CPU
		{02C704E7-34A3-41CC-A7E0-28B0AEE26386}.Debug|Any CPU.ActiveCfg = Debug|Any CPU
		{02C704E7-34A3-41CC-A7E0-28B0AEE26386}.Debug|Any CPU.Build.0 = Debug|Any CPU
		{02C704E7-34A3-41CC-A7E0-28B0AEE26386}.Release|Any CPU.ActiveCfg = Release|Any CPU
		{02C704E7-34A3-41CC-A7E0-28B0AEE26386}.Release|Any CPU.Build.0 = Release|Any CPU
		{C941F640-14A2-4506-99D8-72725BAAB24B}.Debug|Any CPU.ActiveCfg = Debug|Any CPU
		{C941F640-14A2-4506-99D8-72725BAAB24B}.Debug|Any CPU.Build.0 = Debug|Any CPU
		{C941F640-14A2-4506-99D8-72725BAAB24B}.Debug|Any CPU.Deploy.0 = Debug|Any CPU
		{C941F640-14A2-4506-99D8-72725BAAB24B}.Release|Any CPU.ActiveCfg = Release|Any CPU
		{C941F640-14A2-4506-99D8-72725BAAB24B}.Release|Any CPU.Build.0 = Release|Any CPU
		{C941F640-14A2-4506-99D8-72725BAAB24B}.Release|Any CPU.Deploy.0 = Release|Any CPU
		{F26EF1FA-1A19-416B-A3A6-CFE250967773}.Debug|Any CPU.ActiveCfg = Debug|Any CPU
		{F26EF1FA-1A19-416B-A3A6-CFE250967773}.Debug|Any CPU.Build.0 = Debug|Any CPU
		{F26EF1FA-1A19-416B-A3A6-CFE250967773}.Release|Any CPU.ActiveCfg = Release|Any CPU
		{F26EF1FA-1A19-416B-A3A6-CFE250967773}.Release|Any CPU.Build.0 = Release|Any CPU
		{EB11545D-8573-41AE-A272-F7B0C97906D3}.Debug|Any CPU.ActiveCfg = Debug|Any CPU
		{EB11545D-8573-41AE-A272-F7B0C97906D3}.Debug|Any CPU.Build.0 = Debug|Any CPU
		{EB11545D-8573-41AE-A272-F7B0C97906D3}.Release|Any CPU.ActiveCfg = Release|Any CPU
		{EB11545D-8573-41AE-A272-F7B0C97906D3}.Release|Any CPU.Build.0 = Release|Any CPU
		{5240C93B-1CA2-43F0-9BE5-680A33C093EB}.Debug|Any CPU.ActiveCfg = Debug|Any CPU
		{5240C93B-1CA2-43F0-9BE5-680A33C093EB}.Debug|Any CPU.Build.0 = Debug|Any CPU
		{5240C93B-1CA2-43F0-9BE5-680A33C093EB}.Debug|Any CPU.Deploy.0 = Debug|Any CPU
		{5240C93B-1CA2-43F0-9BE5-680A33C093EB}.Release|Any CPU.ActiveCfg = Release|Any CPU
		{5240C93B-1CA2-43F0-9BE5-680A33C093EB}.Release|Any CPU.Build.0 = Release|Any CPU
		{5240C93B-1CA2-43F0-9BE5-680A33C093EB}.Release|Any CPU.Deploy.0 = Release|Any CPU
		{B35ACE7C-9459-4726-B1FF-9FB627815D13}.Debug|Any CPU.ActiveCfg = Debug|Any CPU
		{B35ACE7C-9459-4726-B1FF-9FB627815D13}.Debug|Any CPU.Build.0 = Debug|Any CPU
		{B35ACE7C-9459-4726-B1FF-9FB627815D13}.Release|Any CPU.ActiveCfg = Release|Any CPU
		{B35ACE7C-9459-4726-B1FF-9FB627815D13}.Release|Any CPU.Build.0 = Release|Any CPU
		{E40D30BE-4ED8-4982-8ADE-76C9AD27FF1B}.Debug|Any CPU.ActiveCfg = Debug|Any CPU
		{E40D30BE-4ED8-4982-8ADE-76C9AD27FF1B}.Debug|Any CPU.Build.0 = Debug|Any CPU
		{E40D30BE-4ED8-4982-8ADE-76C9AD27FF1B}.Release|Any CPU.ActiveCfg = Release|Any CPU
		{E40D30BE-4ED8-4982-8ADE-76C9AD27FF1B}.Release|Any CPU.Build.0 = Release|Any CPU
		{779A24A3-2F1C-402A-A52E-916035E88584}.Debug|Any CPU.ActiveCfg = Debug|Any CPU
		{779A24A3-2F1C-402A-A52E-916035E88584}.Debug|Any CPU.Build.0 = Debug|Any CPU
		{779A24A3-2F1C-402A-A52E-916035E88584}.Debug|Any CPU.Deploy.0 = Debug|Any CPU
		{779A24A3-2F1C-402A-A52E-916035E88584}.Release|Any CPU.ActiveCfg = Release|Any CPU
		{779A24A3-2F1C-402A-A52E-916035E88584}.Release|Any CPU.Build.0 = Release|Any CPU
		{779A24A3-2F1C-402A-A52E-916035E88584}.Release|Any CPU.Deploy.0 = Release|Any CPU
		{CA6C8243-9C26-4152-BA76-DBAC167BF0B9}.Debug|Any CPU.ActiveCfg = Debug|Any CPU
		{CA6C8243-9C26-4152-BA76-DBAC167BF0B9}.Debug|Any CPU.Build.0 = Debug|Any CPU
		{CA6C8243-9C26-4152-BA76-DBAC167BF0B9}.Release|Any CPU.ActiveCfg = Release|Any CPU
		{CA6C8243-9C26-4152-BA76-DBAC167BF0B9}.Release|Any CPU.Build.0 = Release|Any CPU
		{F1AA0FE4-BD58-44F4-9D24-4A28E0A62F3A}.Debug|Any CPU.ActiveCfg = Debug|Any CPU
		{F1AA0FE4-BD58-44F4-9D24-4A28E0A62F3A}.Debug|Any CPU.Build.0 = Debug|Any CPU
		{F1AA0FE4-BD58-44F4-9D24-4A28E0A62F3A}.Release|Any CPU.ActiveCfg = Release|Any CPU
		{F1AA0FE4-BD58-44F4-9D24-4A28E0A62F3A}.Release|Any CPU.Build.0 = Release|Any CPU
		{518B7EBA-C939-4601-96D7-D80480FA07F6}.Debug|Any CPU.ActiveCfg = Debug|Any CPU
		{518B7EBA-C939-4601-96D7-D80480FA07F6}.Debug|Any CPU.Build.0 = Debug|Any CPU
		{518B7EBA-C939-4601-96D7-D80480FA07F6}.Debug|Any CPU.Deploy.0 = Debug|Any CPU
		{518B7EBA-C939-4601-96D7-D80480FA07F6}.Release|Any CPU.ActiveCfg = Release|Any CPU
		{518B7EBA-C939-4601-96D7-D80480FA07F6}.Release|Any CPU.Build.0 = Release|Any CPU
		{518B7EBA-C939-4601-96D7-D80480FA07F6}.Release|Any CPU.Deploy.0 = Release|Any CPU
		{7977B120-E4F9-48C9-BFF3-D86C311FDF73}.Debug|Any CPU.ActiveCfg = Debug|Any CPU
		{7977B120-E4F9-48C9-BFF3-D86C311FDF73}.Debug|Any CPU.Build.0 = Debug|Any CPU
		{7977B120-E4F9-48C9-BFF3-D86C311FDF73}.Release|Any CPU.ActiveCfg = Release|Any CPU
		{7977B120-E4F9-48C9-BFF3-D86C311FDF73}.Release|Any CPU.Build.0 = Release|Any CPU
		{97A8751B-F336-4E83-AEE8-3E54150DEDAF}.Debug|Any CPU.ActiveCfg = Debug|Any CPU
		{97A8751B-F336-4E83-AEE8-3E54150DEDAF}.Debug|Any CPU.Build.0 = Debug|Any CPU
		{97A8751B-F336-4E83-AEE8-3E54150DEDAF}.Release|Any CPU.ActiveCfg = Release|Any CPU
		{97A8751B-F336-4E83-AEE8-3E54150DEDAF}.Release|Any CPU.Build.0 = Release|Any CPU
		{965315C3-65EC-46B7-BF39-76B7FE8F5EEF}.Debug|Any CPU.ActiveCfg = Debug|Any CPU
		{965315C3-65EC-46B7-BF39-76B7FE8F5EEF}.Debug|Any CPU.Build.0 = Debug|Any CPU
		{965315C3-65EC-46B7-BF39-76B7FE8F5EEF}.Release|Any CPU.ActiveCfg = Release|Any CPU
		{965315C3-65EC-46B7-BF39-76B7FE8F5EEF}.Release|Any CPU.Build.0 = Release|Any CPU
		{A320F957-759C-4FA7-8C60-F3A81F1306AB}.Debug|Any CPU.ActiveCfg = Debug|Any CPU
		{A320F957-759C-4FA7-8C60-F3A81F1306AB}.Debug|Any CPU.Build.0 = Debug|Any CPU
		{A320F957-759C-4FA7-8C60-F3A81F1306AB}.Release|Any CPU.ActiveCfg = Release|Any CPU
		{A320F957-759C-4FA7-8C60-F3A81F1306AB}.Release|Any CPU.Build.0 = Release|Any CPU
		{31680A5F-E76D-4501-9DFC-D67CE09863F1}.Debug|Any CPU.ActiveCfg = Debug|Any CPU
		{31680A5F-E76D-4501-9DFC-D67CE09863F1}.Debug|Any CPU.Build.0 = Debug|Any CPU
		{31680A5F-E76D-4501-9DFC-D67CE09863F1}.Release|Any CPU.ActiveCfg = Release|Any CPU
		{31680A5F-E76D-4501-9DFC-D67CE09863F1}.Release|Any CPU.Build.0 = Release|Any CPU
		{06A38950-5AB8-40D4-90AF-CBFE40CEFA0D}.Debug|Any CPU.ActiveCfg = Debug|Any CPU
		{06A38950-5AB8-40D4-90AF-CBFE40CEFA0D}.Debug|Any CPU.Build.0 = Debug|Any CPU
		{06A38950-5AB8-40D4-90AF-CBFE40CEFA0D}.Release|Any CPU.ActiveCfg = Release|Any CPU
		{06A38950-5AB8-40D4-90AF-CBFE40CEFA0D}.Release|Any CPU.Build.0 = Release|Any CPU
		{3B697C55-8457-4548-A372-A05E3A4236EC}.Debug|Any CPU.ActiveCfg = Debug|Any CPU
		{3B697C55-8457-4548-A372-A05E3A4236EC}.Debug|Any CPU.Build.0 = Debug|Any CPU
		{3B697C55-8457-4548-A372-A05E3A4236EC}.Debug|Any CPU.Deploy.0 = Debug|Any CPU
		{3B697C55-8457-4548-A372-A05E3A4236EC}.Release|Any CPU.ActiveCfg = Release|Any CPU
		{3B697C55-8457-4548-A372-A05E3A4236EC}.Release|Any CPU.Build.0 = Release|Any CPU
		{3B697C55-8457-4548-A372-A05E3A4236EC}.Release|Any CPU.Deploy.0 = Release|Any CPU
	EndGlobalSection
	GlobalSection(SolutionProperties) = preSolution
		HideSolutionNode = FALSE
	EndGlobalSection
	GlobalSection(NestedProjects) = preSolution
		{80D89ED1-4BB2-4020-B51B-97D3D376C36F} = {618C860A-EADE-43FA-8A43-68A2D1700099}
		{1484F2A1-E3D0-4372-9692-6759D64846EA} = {618C860A-EADE-43FA-8A43-68A2D1700099}
		{B221EF54-8FA2-4563-B5BD-D3EE1255E199} = {A9218AE1-A76A-4857-99E7-CE697F0AD53D}
		{13C3CFC3-4328-4047-9B62-15B19E2E5922} = {618C860A-EADE-43FA-8A43-68A2D1700099}
		{38DB42C0-8DF2-41A4-9718-C852D627AC0B} = {618C860A-EADE-43FA-8A43-68A2D1700099}
		{927AD4A4-6261-4B14-B206-290B2B574708} = {A9218AE1-A76A-4857-99E7-CE697F0AD53D}
		{EDD96A5B-7060-4E90-882D-457190BF0804} = {618C860A-EADE-43FA-8A43-68A2D1700099}
		{02C704E7-34A3-41CC-A7E0-28B0AEE26386} = {618C860A-EADE-43FA-8A43-68A2D1700099}
		{C941F640-14A2-4506-99D8-72725BAAB24B} = {A9218AE1-A76A-4857-99E7-CE697F0AD53D}
		{F26EF1FA-1A19-416B-A3A6-CFE250967773} = {618C860A-EADE-43FA-8A43-68A2D1700099}
		{EB11545D-8573-41AE-A272-F7B0C97906D3} = {618C860A-EADE-43FA-8A43-68A2D1700099}
		{5240C93B-1CA2-43F0-9BE5-680A33C093EB} = {A9218AE1-A76A-4857-99E7-CE697F0AD53D}
		{B35ACE7C-9459-4726-B1FF-9FB627815D13} = {618C860A-EADE-43FA-8A43-68A2D1700099}
		{E40D30BE-4ED8-4982-8ADE-76C9AD27FF1B} = {618C860A-EADE-43FA-8A43-68A2D1700099}
		{779A24A3-2F1C-402A-A52E-916035E88584} = {A9218AE1-A76A-4857-99E7-CE697F0AD53D}
		{CA6C8243-9C26-4152-BA76-DBAC167BF0B9} = {618C860A-EADE-43FA-8A43-68A2D1700099}
		{F1AA0FE4-BD58-44F4-9D24-4A28E0A62F3A} = {618C860A-EADE-43FA-8A43-68A2D1700099}
		{518B7EBA-C939-4601-96D7-D80480FA07F6} = {A9218AE1-A76A-4857-99E7-CE697F0AD53D}
		{7977B120-E4F9-48C9-BFF3-D86C311FDF73} = {F58C7C93-6A87-4D0D-838D-463D01B4A98A}
		{97A8751B-F336-4E83-AEE8-3E54150DEDAF} = {F58C7C93-6A87-4D0D-838D-463D01B4A98A}
		{965315C3-65EC-46B7-BF39-76B7FE8F5EEF} = {F0E95EFF-5E01-47A2-AD92-56C8782BB373}
		{5361600E-2F8E-4E80-AC4B-3E7F0A40C4E9} = {21A4D8E0-9BEE-4CA8-A2C5-94A3B7A9C758}
		{A320F957-759C-4FA7-8C60-F3A81F1306AB} = {5361600E-2F8E-4E80-AC4B-3E7F0A40C4E9}
		{31680A5F-E76D-4501-9DFC-D67CE09863F1} = {618C860A-EADE-43FA-8A43-68A2D1700099}
		{06A38950-5AB8-40D4-90AF-CBFE40CEFA0D} = {F0E95EFF-5E01-47A2-AD92-56C8782BB373}
		{3B697C55-8457-4548-A372-A05E3A4236EC} = {A9218AE1-A76A-4857-99E7-CE697F0AD53D}
	EndGlobalSection
EndGlobal
